
Microsoft Visual Studio Solution File, Format Version 12.00
Project("{FAE04EC0-301F-11D3-BF4B-00C04F79EFBC}") = "WebApp", "WebApp\WebApp.csproj", "{D91E9F50-C199-4E68-A009-F8B1BBEF642D}"
EndProject
Project("{FAE04EC0-301F-11D3-BF4B-00C04F79EFBC}") = "LibGit2SharpAdapter", "LibGit2SharpAdapter\LibGit2SharpAdapter.csproj", "{2E6A3592-B1C1-47D8-83BC-B6207408DC1E}"
EndProject
Project("{FAE04EC0-301F-11D3-BF4B-00C04F79EFBC}") = "UnitTests", "UnitTests\UnitTests.csproj", "{32A26A85-216A-4EE4-B3DD-0A8DA4B59EB3}"
EndProject
Global
	GlobalSection(SolutionConfigurationPlatforms) = preSolution
		Debug|Any CPU = Debug|Any CPU
		Release|Any CPU = Release|Any CPU
	EndGlobalSection
	GlobalSection(ProjectConfigurationPlatforms) = postSolution
		{D91E9F50-C199-4E68-A009-F8B1BBEF642D}.Debug|Any CPU.ActiveCfg = Debug|Any CPU
		{D91E9F50-C199-4E68-A009-F8B1BBEF642D}.Debug|Any CPU.Build.0 = Debug|Any CPU
		{D91E9F50-C199-4E68-A009-F8B1BBEF642D}.Release|Any CPU.ActiveCfg = Release|Any CPU
		{D91E9F50-C199-4E68-A009-F8B1BBEF642D}.Release|Any CPU.Build.0 = Release|Any CPU
		{2E6A3592-B1C1-47D8-83BC-B6207408DC1E}.Debug|Any CPU.ActiveCfg = Debug|Any CPU
		{2E6A3592-B1C1-47D8-83BC-B6207408DC1E}.Debug|Any CPU.Build.0 = Debug|Any CPU
		{2E6A3592-B1C1-47D8-83BC-B6207408DC1E}.Release|Any CPU.ActiveCfg = Release|Any CPU
		{2E6A3592-B1C1-47D8-83BC-B6207408DC1E}.Release|Any CPU.Build.0 = Release|Any CPU
		{32A26A85-216A-4EE4-B3DD-0A8DA4B59EB3}.Debug|Any CPU.ActiveCfg = Debug|Any CPU
		{32A26A85-216A-4EE4-B3DD-0A8DA4B59EB3}.Debug|Any CPU.Build.0 = Debug|Any CPU
		{32A26A85-216A-4EE4-B3DD-0A8DA4B59EB3}.Release|Any CPU.ActiveCfg = Release|Any CPU
		{32A26A85-216A-4EE4-B3DD-0A8DA4B59EB3}.Release|Any CPU.Build.0 = Release|Any CPU
	EndGlobalSection
EndGlobal
